
Microsoft Visual Studio Solution File, Format Version 12.00
# Visual Studio Version 17
VisualStudioVersion = 17.3.32804.467
MinimumVisualStudioVersion = 10.0.40219.1
Project("{9A19103F-16F7-4668-BE54-9A1E7A4F7556}") = "FizzBuzzWebApp", "FizzBuzzWebApp.csproj", "{204EB1F3-90B9-4AC9-BEA0-2ED495D2649C}"
EndProject
Global
	GlobalSection(SolutionConfigurationPlatforms) = preSolution
		Debug|Any CPU = Debug|Any CPU
		Release|Any CPU = Release|Any CPU
	EndGlobalSection
	GlobalSection(ProjectConfigurationPlatforms) = postSolution
		{204EB1F3-90B9-4AC9-BEA0-2ED495D2649C}.Debug|Any CPU.ActiveCfg = Debug|Any CPU
		{204EB1F3-90B9-4AC9-BEA0-2ED495D2649C}.Debug|Any CPU.Build.0 = Debug|Any CPU
		{204EB1F3-90B9-4AC9-BEA0-2ED495D2649C}.Release|Any CPU.ActiveCfg = Release|Any CPU
		{204EB1F3-90B9-4AC9-BEA0-2ED495D2649C}.Release|Any CPU.Build.0 = Release|Any CPU
	EndGlobalSection
	GlobalSection(SolutionProperties) = preSolution
		HideSolutionNode = FALSE
	EndGlobalSection
	GlobalSection(ExtensibilityGlobals) = postSolution
		SolutionGuid = {799DD4B2-89C2-4BAB-A7E3-4AF10B23EA80}
	EndGlobalSection
EndGlobal
